// !$*UTF8*$!
{
	archiveVersion = 1;
	classes = {
	};
	objectVersion = 56;
	objects = {

/* Begin PBXBuildFile section */
		112B176F2B1AAFD60023AA1E /* ExtensionTextFieldAssesory.swift in Sources */ = {isa = PBXBuildFile; fileRef = 112B176E2B1AAFD60023AA1E /* ExtensionTextFieldAssesory.swift */; };
		112B17722B1E602C0023AA1E /* UIImageView.swift in Sources */ = {isa = PBXBuildFile; fileRef = 112B17712B1E602C0023AA1E /* UIImageView.swift */; };
		112B17742B1E61100023AA1E /* HeaderView.swift in Sources */ = {isa = PBXBuildFile; fileRef = 112B17732B1E61100023AA1E /* HeaderView.swift */; };
		1181866A2AEAAF0500ADCF53 /* AppDelegate.swift in Sources */ = {isa = PBXBuildFile; fileRef = 118186692AEAAF0500ADCF53 /* AppDelegate.swift */; };
		1181866C2AEAAF0500ADCF53 /* SceneDelegate.swift in Sources */ = {isa = PBXBuildFile; fileRef = 1181866B2AEAAF0500ADCF53 /* SceneDelegate.swift */; };
		1181866E2AEAAF0500ADCF53 /* ViewController.swift in Sources */ = {isa = PBXBuildFile; fileRef = 1181866D2AEAAF0500ADCF53 /* ViewController.swift */; };
		118186712AEAAF0500ADCF53 /* Main.storyboard in Resources */ = {isa = PBXBuildFile; fileRef = 1181866F2AEAAF0500ADCF53 /* Main.storyboard */; };
		118186732AEAAF0500ADCF53 /* Assets.xcassets in Resources */ = {isa = PBXBuildFile; fileRef = 118186722AEAAF0500ADCF53 /* Assets.xcassets */; };
		118186762AEAAF0500ADCF53 /* LaunchScreen.storyboard in Resources */ = {isa = PBXBuildFile; fileRef = 118186742AEAAF0500ADCF53 /* LaunchScreen.storyboard */; };
		118186812AEB0EBE00ADCF53 /* BussinessCardModel.swift in Sources */ = {isa = PBXBuildFile; fileRef = 118186802AEB0EBE00ADCF53 /* BussinessCardModel.swift */; };
		118186832AEB0F7500ADCF53 /* BusinessData.swift in Sources */ = {isa = PBXBuildFile; fileRef = 118186822AEB0F7500ADCF53 /* BusinessData.swift */; };
		118186862AEB10C400ADCF53 /* BusinessManagment.swift in Sources */ = {isa = PBXBuildFile; fileRef = 118186852AEB10C400ADCF53 /* BusinessManagment.swift */; };
		118186882AEB133F00ADCF53 /* SearchResultCell.swift in Sources */ = {isa = PBXBuildFile; fileRef = 118186872AEB133F00ADCF53 /* SearchResultCell.swift */; };
		1181868A2AEB18FF00ADCF53 /* TabBarView.swift in Sources */ = {isa = PBXBuildFile; fileRef = 118186892AEB18FF00ADCF53 /* TabBarView.swift */; };
		1181868C2AEB199D00ADCF53 /* HomeController.swift in Sources */ = {isa = PBXBuildFile; fileRef = 1181868B2AEB199D00ADCF53 /* HomeController.swift */; };
		1181868E2AEB19B100ADCF53 /* FavController.swift in Sources */ = {isa = PBXBuildFile; fileRef = 1181868D2AEB19B100ADCF53 /* FavController.swift */; };
		118186902AEB1BA000ADCF53 /* OnboardingController.swift in Sources */ = {isa = PBXBuildFile; fileRef = 1181868F2AEB1BA000ADCF53 /* OnboardingController.swift */; };
		11CD391F2B18005700DADA65 /* SplashScreen.swift in Sources */ = {isa = PBXBuildFile; fileRef = 11CD391E2B18005700DADA65 /* SplashScreen.swift */; };
/* End PBXBuildFile section */

/* Begin PBXFileReference section */
		112B176E2B1AAFD60023AA1E /* ExtensionTextFieldAssesory.swift */ = {isa = PBXFileReference; lastKnownFileType = sourcecode.swift; path = ExtensionTextFieldAssesory.swift; sourceTree = "<group>"; };
		112B17712B1E602C0023AA1E /* UIImageView.swift */ = {isa = PBXFileReference; lastKnownFileType = sourcecode.swift; path = UIImageView.swift; sourceTree = "<group>"; };
		112B17732B1E61100023AA1E /* HeaderView.swift */ = {isa = PBXFileReference; lastKnownFileType = sourcecode.swift; path = HeaderView.swift; sourceTree = "<group>"; };
		118186662AEAAF0500ADCF53 /* FoodU.app */ = {isa = PBXFileReference; explicitFileType = wrapper.application; includeInIndex = 0; path = FoodU.app; sourceTree = BUILT_PRODUCTS_DIR; };
		118186692AEAAF0500ADCF53 /* AppDelegate.swift */ = {isa = PBXFileReference; lastKnownFileType = sourcecode.swift; path = AppDelegate.swift; sourceTree = "<group>"; };
		1181866B2AEAAF0500ADCF53 /* SceneDelegate.swift */ = {isa = PBXFileReference; lastKnownFileType = sourcecode.swift; path = SceneDelegate.swift; sourceTree = "<group>"; };
		1181866D2AEAAF0500ADCF53 /* ViewController.swift */ = {isa = PBXFileReference; lastKnownFileType = sourcecode.swift; path = ViewController.swift; sourceTree = "<group>"; };
		118186702AEAAF0500ADCF53 /* Base */ = {isa = PBXFileReference; lastKnownFileType = file.storyboard; name = Base; path = Base.lproj/Main.storyboard; sourceTree = "<group>"; };
		118186722AEAAF0500ADCF53 /* Assets.xcassets */ = {isa = PBXFileReference; lastKnownFileType = folder.assetcatalog; path = Assets.xcassets; sourceTree = "<group>"; };
		118186752AEAAF0500ADCF53 /* Base */ = {isa = PBXFileReference; lastKnownFileType = file.storyboard; name = Base; path = Base.lproj/LaunchScreen.storyboard; sourceTree = "<group>"; };
		118186772AEAAF0500ADCF53 /* Info.plist */ = {isa = PBXFileReference; lastKnownFileType = text.plist.xml; path = Info.plist; sourceTree = "<group>"; };
		118186802AEB0EBE00ADCF53 /* BussinessCardModel.swift */ = {isa = PBXFileReference; lastKnownFileType = sourcecode.swift; path = BussinessCardModel.swift; sourceTree = "<group>"; };
		118186822AEB0F7500ADCF53 /* BusinessData.swift */ = {isa = PBXFileReference; lastKnownFileType = sourcecode.swift; path = BusinessData.swift; sourceTree = "<group>"; };
		118186852AEB10C400ADCF53 /* BusinessManagment.swift */ = {isa = PBXFileReference; lastKnownFileType = sourcecode.swift; path = BusinessManagment.swift; sourceTree = "<group>"; };
		118186872AEB133F00ADCF53 /* SearchResultCell.swift */ = {isa = PBXFileReference; lastKnownFileType = sourcecode.swift; path = SearchResultCell.swift; sourceTree = "<group>"; };
		118186892AEB18FF00ADCF53 /* TabBarView.swift */ = {isa = PBXFileReference; lastKnownFileType = sourcecode.swift; path = TabBarView.swift; sourceTree = "<group>"; };
		1181868B2AEB199D00ADCF53 /* HomeController.swift */ = {isa = PBXFileReference; lastKnownFileType = sourcecode.swift; path = HomeController.swift; sourceTree = "<group>"; };
		1181868D2AEB19B100ADCF53 /* FavController.swift */ = {isa = PBXFileReference; lastKnownFileType = sourcecode.swift; path = FavController.swift; sourceTree = "<group>"; };
		1181868F2AEB1BA000ADCF53 /* OnboardingController.swift */ = {isa = PBXFileReference; lastKnownFileType = sourcecode.swift; path = OnboardingController.swift; sourceTree = "<group>"; };
		11CD391E2B18005700DADA65 /* SplashScreen.swift */ = {isa = PBXFileReference; lastKnownFileType = sourcecode.swift; path = SplashScreen.swift; sourceTree = "<group>"; };
/* End PBXFileReference section */

/* Begin PBXFrameworksBuildPhase section */
		118186632AEAAF0500ADCF53 /* Frameworks */ = {
			isa = PBXFrameworksBuildPhase;
			buildActionMask = 2147483647;
			files = (
			);
			runOnlyForDeploymentPostprocessing = 0;
		};
/* End PBXFrameworksBuildPhase section */

/* Begin PBXGroup section */
		112B17702B1E60150023AA1E /* Extensions */ = {
			isa = PBXGroup;
			children = (
				112B176E2B1AAFD60023AA1E /* ExtensionTextFieldAssesory.swift */,
				112B17712B1E602C0023AA1E /* UIImageView.swift */,
			);
			path = Extensions;
			sourceTree = "<group>";
		};
		1181865D2AEAAF0500ADCF53 = {
			isa = PBXGroup;
			children = (
				118186682AEAAF0500ADCF53 /* FoodU */,
				118186672AEAAF0500ADCF53 /* Products */,
			);
			sourceTree = "<group>";
		};
		118186672AEAAF0500ADCF53 /* Products */ = {
			isa = PBXGroup;
			children = (
				118186662AEAAF0500ADCF53 /* FoodU.app */,
			);
			name = Products;
			sourceTree = "<group>";
		};
		118186682AEAAF0500ADCF53 /* FoodU */ = {
			isa = PBXGroup;
			children = (
				112B17702B1E60150023AA1E /* Extensions */,
				118186842AEB10AB00ADCF53 /* Networking */,
				1181867F2AEB0EA100ADCF53 /* Model */,
				1181868D2AEB19B100ADCF53 /* FavController.swift */,
				112B17732B1E61100023AA1E /* HeaderView.swift */,
				1181868F2AEB1BA000ADCF53 /* OnboardingController.swift */,
				1181868B2AEB199D00ADCF53 /* HomeController.swift */,
				118186892AEB18FF00ADCF53 /* TabBarView.swift */,
				118186872AEB133F00ADCF53 /* SearchResultCell.swift */,
				118186692AEAAF0500ADCF53 /* AppDelegate.swift */,
				1181866B2AEAAF0500ADCF53 /* SceneDelegate.swift */,
				1181866D2AEAAF0500ADCF53 /* ViewController.swift */,
				11CD391E2B18005700DADA65 /* SplashScreen.swift */,
				1181866F2AEAAF0500ADCF53 /* Main.storyboard */,
				118186722AEAAF0500ADCF53 /* Assets.xcassets */,
				118186742AEAAF0500ADCF53 /* LaunchScreen.storyboard */,
				118186772AEAAF0500ADCF53 /* Info.plist */,
			);
			path = FoodU;
			sourceTree = "<group>";
		};
		1181867F2AEB0EA100ADCF53 /* Model */ = {
			isa = PBXGroup;
			children = (
				118186802AEB0EBE00ADCF53 /* BussinessCardModel.swift */,
				118186822AEB0F7500ADCF53 /* BusinessData.swift */,
			);
			path = Model;
			sourceTree = "<group>";
		};
		118186842AEB10AB00ADCF53 /* Networking */ = {
			isa = PBXGroup;
			children = (
				118186852AEB10C400ADCF53 /* BusinessManagment.swift */,
			);
			path = Networking;
			sourceTree = "<group>";
		};
/* End PBXGroup section */

/* Begin PBXNativeTarget section */
		118186652AEAAF0500ADCF53 /* FoodU */ = {
			isa = PBXNativeTarget;
			buildConfigurationList = 1181867A2AEAAF0500ADCF53 /* Build configuration list for PBXNativeTarget "FoodU" */;
			buildPhases = (
				118186622AEAAF0500ADCF53 /* Sources */,
				118186632AEAAF0500ADCF53 /* Frameworks */,
				118186642AEAAF0500ADCF53 /* Resources */,
			);
			buildRules = (
			);
			dependencies = (
			);
			name = FoodU;
			productName = FoodU;
			productReference = 118186662AEAAF0500ADCF53 /* FoodU.app */;
			productType = "com.apple.product-type.application";
		};
/* End PBXNativeTarget section */

/* Begin PBXProject section */
		1181865E2AEAAF0500ADCF53 /* Project object */ = {
			isa = PBXProject;
			attributes = {
				BuildIndependentTargetsInParallel = 1;
				LastSwiftUpdateCheck = 1500;
				LastUpgradeCheck = 1500;
				TargetAttributes = {
					118186652AEAAF0500ADCF53 = {
						CreatedOnToolsVersion = 15.0;
					};
				};
			};
			buildConfigurationList = 118186612AEAAF0500ADCF53 /* Build configuration list for PBXProject "FoodU" */;
			compatibilityVersion = "Xcode 14.0";
			developmentRegion = en;
			hasScannedForEncodings = 0;
			knownRegions = (
				en,
				Base,
			);
			mainGroup = 1181865D2AEAAF0500ADCF53;
			productRefGroup = 118186672AEAAF0500ADCF53 /* Products */;
			projectDirPath = "";
			projectRoot = "";
			targets = (
				118186652AEAAF0500ADCF53 /* FoodU */,
			);
		};
/* End PBXProject section */

/* Begin PBXResourcesBuildPhase section */
		118186642AEAAF0500ADCF53 /* Resources */ = {
			isa = PBXResourcesBuildPhase;
			buildActionMask = 2147483647;
			files = (
				118186762AEAAF0500ADCF53 /* LaunchScreen.storyboard in Resources */,
				118186732AEAAF0500ADCF53 /* Assets.xcassets in Resources */,
				118186712AEAAF0500ADCF53 /* Main.storyboard in Resources */,
			);
			runOnlyForDeploymentPostprocessing = 0;
		};
/* End PBXResourcesBuildPhase section */

/* Begin PBXSourcesBuildPhase section */
		118186622AEAAF0500ADCF53 /* Sources */ = {
			isa = PBXSourcesBuildPhase;
			buildActionMask = 2147483647;
			files = (
				11CD391F2B18005700DADA65 /* SplashScreen.swift in Sources */,
				1181868A2AEB18FF00ADCF53 /* TabBarView.swift in Sources */,
				112B17722B1E602C0023AA1E /* UIImageView.swift in Sources */,
				1181866E2AEAAF0500ADCF53 /* ViewController.swift in Sources */,
				1181866A2AEAAF0500ADCF53 /* AppDelegate.swift in Sources */,
				1181868C2AEB199D00ADCF53 /* HomeController.swift in Sources */,
				1181866C2AEAAF0500ADCF53 /* SceneDelegate.swift in Sources */,
				118186902AEB1BA000ADCF53 /* OnboardingController.swift in Sources */,
				118186862AEB10C400ADCF53 /* BusinessManagment.swift in Sources */,
				118186812AEB0EBE00ADCF53 /* BussinessCardModel.swift in Sources */,
				112B17742B1E61100023AA1E /* HeaderView.swift in Sources */,
				112B176F2B1AAFD60023AA1E /* ExtensionTextFieldAssesory.swift in Sources */,
				118186882AEB133F00ADCF53 /* SearchResultCell.swift in Sources */,
				1181868E2AEB19B100ADCF53 /* FavController.swift in Sources */,
				118186832AEB0F7500ADCF53 /* BusinessData.swift in Sources */,
			);
			runOnlyForDeploymentPostprocessing = 0;
		};
/* End PBXSourcesBuildPhase section */

/* Begin PBXVariantGroup section */
		1181866F2AEAAF0500ADCF53 /* Main.storyboard */ = {
			isa = PBXVariantGroup;
			children = (
				118186702AEAAF0500ADCF53 /* Base */,
			);
			name = Main.storyboard;
			sourceTree = "<group>";
		};
		118186742AEAAF0500ADCF53 /* LaunchScreen.storyboard */ = {
			isa = PBXVariantGroup;
			children = (
				118186752AEAAF0500ADCF53 /* Base */,
			);
			name = LaunchScreen.storyboard;
			sourceTree = "<group>";
		};
/* End PBXVariantGroup section */

/* Begin XCBuildConfiguration section */
		118186782AEAAF0500ADCF53 /* Debug */ = {
			isa = XCBuildConfiguration;
			buildSettings = {
				ALWAYS_SEARCH_USER_PATHS = NO;
				ASSETCATALOG_COMPILER_GENERATE_SWIFT_ASSET_SYMBOL_EXTENSIONS = YES;
				CLANG_ANALYZER_NONNULL = YES;
				CLANG_ANALYZER_NUMBER_OBJECT_CONVERSION = YES_AGGRESSIVE;
				CLANG_CXX_LANGUAGE_STANDARD = "gnu++20";
				CLANG_ENABLE_MODULES = YES;
				CLANG_ENABLE_OBJC_ARC = YES;
				CLANG_ENABLE_OBJC_WEAK = YES;
				CLANG_WARN_BLOCK_CAPTURE_AUTORELEASING = YES;
				CLANG_WARN_BOOL_CONVERSION = YES;
				CLANG_WARN_COMMA = YES;
				CLANG_WARN_CONSTANT_CONVERSION = YES;
				CLANG_WARN_DEPRECATED_OBJC_IMPLEMENTATIONS = YES;
				CLANG_WARN_DIRECT_OBJC_ISA_USAGE = YES_ERROR;
				CLANG_WARN_DOCUMENTATION_COMMENTS = YES;
				CLANG_WARN_EMPTY_BODY = YES;
				CLANG_WARN_ENUM_CONVERSION = YES;
				CLANG_WARN_INFINITE_RECURSION = YES;
				CLANG_WARN_INT_CONVERSION = YES;
				CLANG_WARN_NON_LITERAL_NULL_CONVERSION = YES;
				CLANG_WARN_OBJC_IMPLICIT_RETAIN_SELF = YES;
				CLANG_WARN_OBJC_LITERAL_CONVERSION = YES;
				CLANG_WARN_OBJC_ROOT_CLASS = YES_ERROR;
				CLANG_WARN_QUOTED_INCLUDE_IN_FRAMEWORK_HEADER = YES;
				CLANG_WARN_RANGE_LOOP_ANALYSIS = YES;
				CLANG_WARN_STRICT_PROTOTYPES = YES;
				CLANG_WARN_SUSPICIOUS_MOVE = YES;
				CLANG_WARN_UNGUARDED_AVAILABILITY = YES_AGGRESSIVE;
				CLANG_WARN_UNREACHABLE_CODE = YES;
				CLANG_WARN__DUPLICATE_METHOD_MATCH = YES;
				COPY_PHASE_STRIP = NO;
				DEBUG_INFORMATION_FORMAT = dwarf;
				ENABLE_STRICT_OBJC_MSGSEND = YES;
				ENABLE_TESTABILITY = YES;
				ENABLE_USER_SCRIPT_SANDBOXING = YES;
				GCC_C_LANGUAGE_STANDARD = gnu17;
				GCC_DYNAMIC_NO_PIC = NO;
				GCC_NO_COMMON_BLOCKS = YES;
				GCC_OPTIMIZATION_LEVEL = 0;
				GCC_PREPROCESSOR_DEFINITIONS = (
					"DEBUG=1",
					"$(inherited)",
				);
				GCC_WARN_64_TO_32_BIT_CONVERSION = YES;
				GCC_WARN_ABOUT_RETURN_TYPE = YES_ERROR;
				GCC_WARN_UNDECLARED_SELECTOR = YES;
				GCC_WARN_UNINITIALIZED_AUTOS = YES_AGGRESSIVE;
				GCC_WARN_UNUSED_FUNCTION = YES;
				GCC_WARN_UNUSED_VARIABLE = YES;
				IPHONEOS_DEPLOYMENT_TARGET = 17.0;
				LOCALIZATION_PREFERS_STRING_CATALOGS = YES;
				MTL_ENABLE_DEBUG_INFO = INCLUDE_SOURCE;
				MTL_FAST_MATH = YES;
				ONLY_ACTIVE_ARCH = YES;
				SDKROOT = iphoneos;
				SWIFT_ACTIVE_COMPILATION_CONDITIONS = "DEBUG $(inherited)";
				SWIFT_OPTIMIZATION_LEVEL = "-Onone";
			};
			name = Debug;
		};
		118186792AEAAF0500ADCF53 /* Release */ = {
			isa = XCBuildConfiguration;
			buildSettings = {
				ALWAYS_SEARCH_USER_PATHS = NO;
				ASSETCATALOG_COMPILER_GENERATE_SWIFT_ASSET_SYMBOL_EXTENSIONS = YES;
				CLANG_ANALYZER_NONNULL = YES;
				CLANG_ANALYZER_NUMBER_OBJECT_CONVERSION = YES_AGGRESSIVE;
				CLANG_CXX_LANGUAGE_STANDARD = "gnu++20";
				CLANG_ENABLE_MODULES = YES;
				CLANG_ENABLE_OBJC_ARC = YES;
				CLANG_ENABLE_OBJC_WEAK = YES;
				CLANG_WARN_BLOCK_CAPTURE_AUTORELEASING = YES;
				CLANG_WARN_BOOL_CONVERSION = YES;
				CLANG_WARN_COMMA = YES;
				CLANG_WARN_CONSTANT_CONVERSION = YES;
				CLANG_WARN_DEPRECATED_OBJC_IMPLEMENTATIONS = YES;
				CLANG_WARN_DIRECT_OBJC_ISA_USAGE = YES_ERROR;
				CLANG_WARN_DOCUMENTATION_COMMENTS = YES;
				CLANG_WARN_EMPTY_BODY = YES;
				CLANG_WARN_ENUM_CONVERSION = YES;
				CLANG_WARN_INFINITE_RECURSION = YES;
				CLANG_WARN_INT_CONVERSION = YES;
				CLANG_WARN_NON_LITERAL_NULL_CONVERSION = YES;
				CLANG_WARN_OBJC_IMPLICIT_RETAIN_SELF = YES;
				CLANG_WARN_OBJC_LITERAL_CONVERSION = YES;
				CLANG_WARN_OBJC_ROOT_CLASS = YES_ERROR;
				CLANG_WARN_QUOTED_INCLUDE_IN_FRAMEWORK_HEADER = YES;
				CLANG_WARN_RANGE_LOOP_ANALYSIS = YES;
				CLANG_WARN_STRICT_PROTOTYPES = YES;
				CLANG_WARN_SUSPICIOUS_MOVE = YES;
				CLANG_WARN_UNGUARDED_AVAILABILITY = YES_AGGRESSIVE;
				CLANG_WARN_UNREACHABLE_CODE = YES;
				CLANG_WARN__DUPLICATE_METHOD_MATCH = YES;
				COPY_PHASE_STRIP = NO;
				DEBUG_INFORMATION_FORMAT = "dwarf-with-dsym";
				ENABLE_NS_ASSERTIONS = NO;
				ENABLE_STRICT_OBJC_MSGSEND = YES;
				ENABLE_USER_SCRIPT_SANDBOXING = YES;
				GCC_C_LANGUAGE_STANDARD = gnu17;
				GCC_NO_COMMON_BLOCKS = YES;
				GCC_WARN_64_TO_32_BIT_CONVERSION = YES;
				GCC_WARN_ABOUT_RETURN_TYPE = YES_ERROR;
				GCC_WARN_UNDECLARED_SELECTOR = YES;
				GCC_WARN_UNINITIALIZED_AUTOS = YES_AGGRESSIVE;
				GCC_WARN_UNUSED_FUNCTION = YES;
				GCC_WARN_UNUSED_VARIABLE = YES;
				IPHONEOS_DEPLOYMENT_TARGET = 17.0;
				LOCALIZATION_PREFERS_STRING_CATALOGS = YES;
				MTL_ENABLE_DEBUG_INFO = NO;
				MTL_FAST_MATH = YES;
				SDKROOT = iphoneos;
				SWIFT_COMPILATION_MODE = wholemodule;
				VALIDATE_PRODUCT = YES;
			};
			name = Release;
		};
		1181867B2AEAAF0500ADCF53 /* Debug */ = {
			isa = XCBuildConfiguration;
			buildSettings = {
				ASSETCATALOG_COMPILER_APPICON_NAME = AppIcon;
				ASSETCATALOG_COMPILER_GLOBAL_ACCENT_COLOR_NAME = AccentColor;
				CODE_SIGN_STYLE = Automatic;
				CURRENT_PROJECT_VERSION = 1;
				GENERATE_INFOPLIST_FILE = YES;
				INFOPLIST_FILE = FoodU/Info.plist;
				INFOPLIST_KEY_UIApplicationSupportsIndirectInputEvents = YES;
				INFOPLIST_KEY_UILaunchStoryboardName = LaunchScreen;
				INFOPLIST_KEY_UIMainStoryboardFile = Main;
				INFOPLIST_KEY_UISupportedInterfaceOrientations_iPad = "UIInterfaceOrientationPortrait UIInterfaceOrientationPortraitUpsideDown UIInterfaceOrientationLandscapeLeft UIInterfaceOrientationLandscapeRight";
				INFOPLIST_KEY_UISupportedInterfaceOrientations_iPhone = "UIInterfaceOrientationPortrait UIInterfaceOrientationLandscapeLeft UIInterfaceOrientationLandscapeRight";
				LD_RUNPATH_SEARCH_PATHS = (
					"$(inherited)",
					"@executable_path/Frameworks",
				);
				MARKETING_VERSION = 1.0;
				PRODUCT_BUNDLE_IDENTIFIER = com.greinvo.2.FoodU;
				PRODUCT_NAME = "$(TARGET_NAME)";
				SWIFT_EMIT_LOC_STRINGS = YES;
				SWIFT_VERSION = 5.0;
				TARGETED_DEVICE_FAMILY = "1,2";
			};
			name = Debug;
		};
		1181867C2AEAAF0500ADCF53 /* Release */ = {
			isa = XCBuildConfiguration;
			buildSettings = {
				ASSETCATALOG_COMPILER_APPICON_NAME = AppIcon;
				ASSETCATALOG_COMPILER_GLOBAL_ACCENT_COLOR_NAME = AccentColor;
				CODE_SIGN_STYLE = Automatic;
				CURRENT_PROJECT_VERSION = 1;
				GENERATE_INFOPLIST_FILE = YES;
				INFOPLIST_FILE = FoodU/Info.plist;
				INFOPLIST_KEY_UIApplicationSupportsIndirectInputEvents = YES;
				INFOPLIST_KEY_UILaunchStoryboardName = LaunchScreen;
				INFOPLIST_KEY_UIMainStoryboardFile = Main;
				INFOPLIST_KEY_UISupportedInterfaceOrientations_iPad = "UIInterfaceOrientationPortrait UIInterfaceOrientationPortraitUpsideDown UIInterfaceOrientationLandscapeLeft UIInterfaceOrientationLandscapeRight";
				INFOPLIST_KEY_UISupportedInterfaceOrientations_iPhone = "UIInterfaceOrientationPortrait UIInterfaceOrientationLandscapeLeft UIInterfaceOrientationLandscapeRight";
				LD_RUNPATH_SEARCH_PATHS = (
					"$(inherited)",
					"@executable_path/Frameworks",
				);
				MARKETING_VERSION = 1.0;
				PRODUCT_BUNDLE_IDENTIFIER = com.greinvo.2.FoodU;
				PRODUCT_NAME = "$(TARGET_NAME)";
				SWIFT_EMIT_LOC_STRINGS = YES;
				SWIFT_VERSION = 5.0;
				TARGETED_DEVICE_FAMILY = "1,2";
			};
			name = Release;
		};
/* End XCBuildConfiguration section */

/* Begin XCConfigurationList section */
		118186612AEAAF0500ADCF53 /* Build configuration list for PBXProject "FoodU" */ = {
			isa = XCConfigurationList;
			buildConfigurations = (
				118186782AEAAF0500ADCF53 /* Debug */,
				118186792AEAAF0500ADCF53 /* Release */,
			);
			defaultConfigurationIsVisible = 0;
			defaultConfigurationName = Release;
		};
		1181867A2AEAAF0500ADCF53 /* Build configuration list for PBXNativeTarget "FoodU" */ = {
			isa = XCConfigurationList;
			buildConfigurations = (
				1181867B2AEAAF0500ADCF53 /* Debug */,
				1181867C2AEAAF0500ADCF53 /* Release */,
			);
			defaultConfigurationIsVisible = 0;
			defaultConfigurationName = Release;
		};
/* End XCConfigurationList section */
	};
	rootObject = 1181865E2AEAAF0500ADCF53 /* Project object */;
}
